schema: '2.0'
stages:
  data_ingestion:
    cmd: python src/data_ingestion.py
    deps:
    - path: src/data_ingestion.py
      hash: md5
      md5: 43c1a48438b0b4f45003356499e71f90
      size: 2509
    params:
      params.yaml:
        data_ingestion.test_size: 0.2
    outs:
    - path: data/raw
      hash: md5
      md5: bb7ab1ea1c3de979a2a8613e22d8cb64.dir
      size: 1047449
      nfiles: 3
  data_preprocessing:
    cmd: python src/data_preprocessing.py
    deps:
    - path: data/raw
      hash: md5
      md5: bb7ab1ea1c3de979a2a8613e22d8cb64.dir
      size: 1047449
      nfiles: 3
    - path: src/data_preprocessing.py
      hash: md5
      md5: f71feb6ad18d2c2041a2d354caa54a8c
      size: 1616
    outs:
    - path: data/processed
      hash: md5
      md5: 09d7d1468d5c1e6739769af7e3154438.dir
      size: 546137
      nfiles: 2
  model_building:
    cmd: python src/model_building.py
    deps:
    - path: data/processed
      hash: md5
      md5: 09d7d1468d5c1e6739769af7e3154438.dir
      size: 546137
      nfiles: 2
    - path: src/model_building.py
      hash: md5
      md5: 2ef5cebe5a8e28e8495c4b4190eef2c6
      size: 2012
    params:
      params.yaml:
        model_building.n_estimators: 100
    outs:
    - path: models/model.pkl
      hash: md5
      md5: d4cf97be5c73eff2fc0c1780f17d8278
      size: 7310245
  model_evaluation:
    cmd: python src/model_evaluation.py
    deps:
    - path: models/model.pkl
      hash: md5
      md5: d4cf97be5c73eff2fc0c1780f17d8278
      size: 7310245
    - path: src/model_evaluation.py
      hash: md5
      md5: 6e6e2666b572a374eae8238d006597db
      size: 2454
    outs:
    - path: reports/metrics.json
      hash: md5
      md5: df7cbc1f6e7a359619dd849fb1ceb47c
      size: 145
